
Microsoft Visual Studio Solution File, Format Version 12.00
# Visual Studio 2012
Project("{FAE04EC0-301F-11D3-BF4B-00C04F79EFBC}") = "DoAn_QuanLyXeMay", "DoAn_QuanLyXeMay\DoAn_QuanLyXeMay.csproj", "{F7D993B0-5330-4CF4-AE62-2B89568FA82B}"
EndProject
Global
	GlobalSection(SolutionConfigurationPlatforms) = preSolution
		Debug|Any CPU = Debug|Any CPU
		Release|Any CPU = Release|Any CPU
	EndGlobalSection
	GlobalSection(ProjectConfigurationPlatforms) = postSolution
		{F7D993B0-5330-4CF4-AE62-2B89568FA82B}.Debug|Any CPU.ActiveCfg = Debug|Any CPU
		{F7D993B0-5330-4CF4-AE62-2B89568FA82B}.Debug|Any CPU.Build.0 = Debug|Any CPU
		{F7D993B0-5330-4CF4-AE62-2B89568FA82B}.Release|Any CPU.ActiveCfg = Release|Any CPU
		{F7D993B0-5330-4CF4-AE62-2B89568FA82B}.Release|Any CPU.Build.0 = Release|Any CPU
	EndGlobalSection
	GlobalSection(SolutionProperties) = preSolution
		HideSolutionNode = FALSE
	EndGlobalSection
EndGlobal
